<?xml version="1.0" encoding="utf-8"?>
<Project ToolsVersion="4.0" xmlns="http://schemas.microsoft.com/developer/msbuild/2003">
  <ItemGroup>
    <Filter Include="Source Files">
      <UniqueIdentifier>{4FC737F1-C7A5-4376-A066-2A32D752A2FF}</UniqueIdentifier>
      <Extensions>cpp;c;cc;cxx;def;odl;idl;hpj;bat;asm;asmx</Extensions>
    </Filter>
    <Filter Include="Header Files">
      <UniqueIdentifier>{93995380-89BD-4b04-88EB-625FBE52EBFB}</UniqueIdentifier>
      <Extensions>h;hh;hpp;hxx;hm;inl;inc;ipp;xsd</Extensions>
    </Filter>
    <Filter Include="Resource Files">
      <UniqueIdentifier>{67DA6AB6-F800-4c08-8B7A-83BB121AAD01}</UniqueIdentifier>
      <Extensions>rc;ico;cur;bmp;dlg;rc2;rct;bin;rgs;gif;jpg;jpeg;jpe;resx;tiff;tif;png;wav;mfcribbon-ms</Extensions>
    </Filter>
  </ItemGroup>
  <ItemGroup>
    <ClCompile Include="src\actor.c">
      <Filter>Source Files</Filter>
    </ClCompile>
    <ClCompile Include="src\assets.c">
      <Filter>Source Files</Filter>
    </ClCompile>
    <ClCompile Include="src\config.c">
      <Filter>Source Files</Filter>
    </ClCompile>
    <ClCompile Include="src\game.c">
      <Filter>Source Files</Filter>
    </ClCompile>
    <ClCompile Include="src\input.c">
      <Filter>Source Files</Filter>
    </ClCompile>
    <ClCompile Include="src\item.c">
      <Filter>Source Files</Filter>
    </ClCompile>
    <ClCompile Include="src\main.c">
      <Filter>Source Files</Filter>
    </ClCompile>
    <ClCompile Include="src\map.c">
      <Filter>Source Files</Filter>
    </ClCompile>
    <ClCompile Include="src\message.c">
      <Filter>Source Files</Filter>
    </ClCompile>
    <ClCompile Include="src\object.c">
      <Filter>Source Files</Filter>
    </ClCompile>
    <ClCompile Include="src\projectile.c">
      <Filter>Source Files</Filter>
    </ClCompile>
    <ClCompile Include="src\renderer.c">
      <Filter>Source Files</Filter>
    </ClCompile>
    <ClCompile Include="src\room.c">
      <Filter>Source Files</Filter>
    </ClCompile>
    <ClCompile Include="src\tile.c">
      <Filter>Source Files</Filter>
    </ClCompile>
    <ClCompile Include="src\tooltip_option.c">
      <Filter>Source Files</Filter>
    </ClCompile>
    <ClCompile Include="src\ui.c">
      <Filter>Source Files</Filter>
    </ClCompile>
    <ClCompile Include="src\util.c">
      <Filter>Source Files</Filter>
    </ClCompile>
  </ItemGroup>
  <ItemGroup>
    <ClInclude Include="include\libtcod\gui\button.hpp">
      <Filter>Header Files</Filter>
    </ClInclude>
    <ClInclude Include="include\libtcod\gui\container.hpp">
      <Filter>Header Files</Filter>
    </ClInclude>
    <ClInclude Include="include\libtcod\gui\flatlist.hpp">
      <Filter>Header Files</Filter>
    </ClInclude>
    <ClInclude Include="include\libtcod\gui\gui.hpp">
      <Filter>Header Files</Filter>
    </ClInclude>
    <ClInclude Include="include\libtcod\gui\hbox.hpp">
      <Filter>Header Files</Filter>
    </ClInclude>
    <ClInclude Include="include\libtcod\gui\image.hpp">
      <Filter>Header Files</Filter>
    </ClInclude>
    <ClInclude Include="include\libtcod\gui\label.hpp">
      <Filter>Header Files</Filter>
    </ClInclude>
    <ClInclude Include="include\libtcod\gui\radiobutton.hpp">
      <Filter>Header Files</Filter>
    </ClInclude>
    <ClInclude Include="include\libtcod\gui\slider.hpp">
      <Filter>Header Files</Filter>
    </ClInclude>
    <ClInclude Include="include\libtcod\gui\statusbar.hpp">
      <Filter>Header Files</Filter>
    </ClInclude>
    <ClInclude Include="include\libtcod\gui\textbox.hpp">
      <Filter>Header Files</Filter>
    </ClInclude>
    <ClInclude Include="include\libtcod\gui\togglebutton.hpp">
      <Filter>Header Files</Filter>
    </ClInclude>
    <ClInclude Include="include\libtcod\gui\toolbar.hpp">
      <Filter>Header Files</Filter>
    </ClInclude>
    <ClInclude Include="include\libtcod\gui\vbox.hpp">
      <Filter>Header Files</Filter>
    </ClInclude>
    <ClInclude Include="include\libtcod\gui\widget.hpp">
      <Filter>Header Files</Filter>
    </ClInclude>
    <ClInclude Include="include\libtcod\bresenham.h">
      <Filter>Header Files</Filter>
    </ClInclude>
    <ClInclude Include="include\libtcod\bresenham.hpp">
      <Filter>Header Files</Filter>
    </ClInclude>
    <ClInclude Include="include\libtcod\bsp.h">
      <Filter>Header Files</Filter>
    </ClInclude>
    <ClInclude Include="include\libtcod\bsp.hpp">
      <Filter>Header Files</Filter>
    </ClInclude>
    <ClInclude Include="include\libtcod\color.h">
      <Filter>Header Files</Filter>
    </ClInclude>
    <ClInclude Include="include\libtcod\color.hpp">
      <Filter>Header Files</Filter>
    </ClInclude>
    <ClInclude Include="include\libtcod\console.h">
      <Filter>Header Files</Filter>
    </ClInclude>
    <ClInclude Include="include\libtcod\console.hpp">
      <Filter>Header Files</Filter>
    </ClInclude>
    <ClInclude Include="include\libtcod\console_types.h">
      <Filter>Header Files</Filter>
    </ClInclude>
    <ClInclude Include="include\libtcod\fov.h">
      <Filter>Header Files</Filter>
    </ClInclude>
    <ClInclude Include="include\libtcod\fov.hpp">
      <Filter>Header Files</Filter>
    </ClInclude>
    <ClInclude Include="include\libtcod\fov_types.h">
      <Filter>Header Files</Filter>
    </ClInclude>
    <ClInclude Include="include\libtcod\heightmap.h">
      <Filter>Header Files</Filter>
    </ClInclude>
    <ClInclude Include="include\libtcod\heightmap.hpp">
      <Filter>Header Files</Filter>
    </ClInclude>
    <ClInclude Include="include\libtcod\image.h">
      <Filter>Header Files</Filter>
    </ClInclude>
    <ClInclude Include="include\libtcod\image.hpp">
      <Filter>Header Files</Filter>
    </ClInclude>
    <ClInclude Include="include\libtcod\lex.h">
      <Filter>Header Files</Filter>
    </ClInclude>
    <ClInclude Include="include\libtcod\lex.hpp">
      <Filter>Header Files</Filter>
    </ClInclude>
    <ClInclude Include="include\libtcod\libtcod.h">
      <Filter>Header Files</Filter>
    </ClInclude>
    <ClInclude Include="include\libtcod\libtcod.hpp">
      <Filter>Header Files</Filter>
    </ClInclude>
    <ClInclude Include="include\libtcod\libtcod_int.h">
      <Filter>Header Files</Filter>
    </ClInclude>
    <ClInclude Include="include\libtcod\list.h">
      <Filter>Header Files</Filter>
    </ClInclude>
    <ClInclude Include="include\libtcod\list.hpp">
      <Filter>Header Files</Filter>
    </ClInclude>
    <ClInclude Include="include\libtcod\mersenne.h">
      <Filter>Header Files</Filter>
    </ClInclude>
    <ClInclude Include="include\libtcod\mersenne.hpp">
      <Filter>Header Files</Filter>
    </ClInclude>
    <ClInclude Include="include\libtcod\mersenne_types.h">
      <Filter>Header Files</Filter>
    </ClInclude>
    <ClInclude Include="include\libtcod\mouse.h">
      <Filter>Header Files</Filter>
    </ClInclude>
    <ClInclude Include="include\libtcod\mouse.hpp">
      <Filter>Header Files</Filter>
    </ClInclude>
    <ClInclude Include="include\libtcod\mouse_types.h">
      <Filter>Header Files</Filter>
    </ClInclude>
    <ClInclude Include="include\libtcod\namegen.h">
      <Filter>Header Files</Filter>
    </ClInclude>
    <ClInclude Include="include\libtcod\namegen.hpp">
      <Filter>Header Files</Filter>
    </ClInclude>
    <ClInclude Include="include\libtcod\noise.h">
      <Filter>Header Files</Filter>
    </ClInclude>
    <ClInclude Include="include\libtcod\noise.hpp">
      <Filter>Header Files</Filter>
    </ClInclude>
    <ClInclude Include="include\libtcod\noise_defaults.h">
      <Filter>Header Files</Filter>
    </ClInclude>
    <ClInclude Include="include\libtcod\parser.h">
      <Filter>Header Files</Filter>
    </ClInclude>
    <ClInclude Include="include\libtcod\parser.hpp">
      <Filter>Header Files</Filter>
    </ClInclude>
    <ClInclude Include="include\libtcod\path.h">
      <Filter>Header Files</Filter>
    </ClInclude>
    <ClInclude Include="include\libtcod\path.hpp">
      <Filter>Header Files</Filter>
    </ClInclude>
    <ClInclude Include="include\libtcod\sys.h">
      <Filter>Header Files</Filter>
    </ClInclude>
    <ClInclude Include="include\libtcod\sys.hpp">
      <Filter>Header Files</Filter>
    </ClInclude>
    <ClInclude Include="include\libtcod\tree.h">
      <Filter>Header Files</Filter>
    </ClInclude>
    <ClInclude Include="include\libtcod\tree.hpp">
      <Filter>Header Files</Filter>
    </ClInclude>
    <ClInclude Include="include\libtcod\txtfield.h">
      <Filter>Header Files</Filter>
    </ClInclude>
    <ClInclude Include="include\libtcod\txtfield.hpp">
      <Filter>Header Files</Filter>
    </ClInclude>
    <ClInclude Include="include\libtcod\wrappers.h">
      <Filter>Header Files</Filter>
    </ClInclude>
    <ClInclude Include="include\libtcod\zip.h">
      <Filter>Header Files</Filter>
    </ClInclude>
    <ClInclude Include="include\libtcod\zip.hpp">
      <Filter>Header Files</Filter>
    </ClInclude>
    <ClInclude Include="include\roguelike\actor.h">
      <Filter>Header Files</Filter>
    </ClInclude>
    <ClInclude Include="include\roguelike\assets.h">
      <Filter>Header Files</Filter>
    </ClInclude>
    <ClInclude Include="include\roguelike\config.h">
      <Filter>Header Files</Filter>
    </ClInclude>
    <ClInclude Include="include\roguelike\game.h">
      <Filter>Header Files</Filter>
    </ClInclude>
    <ClInclude Include="include\roguelike\input.h">
      <Filter>Header Files</Filter>
    </ClInclude>
    <ClInclude Include="include\roguelike\item.h">
      <Filter>Header Files</Filter>
    </ClInclude>
    <ClInclude Include="include\roguelike\map.h">
      <Filter>Header Files</Filter>
    </ClInclude>
    <ClInclude Include="include\roguelike\message.h">
      <Filter>Header Files</Filter>
    </ClInclude>
    <ClInclude Include="include\roguelike\object.h">
      <Filter>Header Files</Filter>
    </ClInclude>
    <ClInclude Include="include\roguelike\projectile.h">
      <Filter>Header Files</Filter>
    </ClInclude>
    <ClInclude Include="include\roguelike\renderer.h">
      <Filter>Header Files</Filter>
    </ClInclude>
    <ClInclude Include="include\roguelike\roguelike.h">
      <Filter>Header Files</Filter>
    </ClInclude>
    <ClInclude Include="include\roguelike\room.h">
      <Filter>Header Files</Filter>
    </ClInclude>
    <ClInclude Include="include\roguelike\spell.h">
      <Filter>Header Files</Filter>
    </ClInclude>
    <ClInclude Include="include\roguelike\tile.h">
      <Filter>Header Files</Filter>
    </ClInclude>
    <ClInclude Include="include\roguelike\tooltip_option.h">
      <Filter>Header Files</Filter>
    </ClInclude>
    <ClInclude Include="include\roguelike\ui.h">
      <Filter>Header Files</Filter>
    </ClInclude>
    <ClInclude Include="include\roguelike\util.h">
      <Filter>Header Files</Filter>
    </ClInclude>
  </ItemGroup>
</Project>